
Microsoft Visual Studio Solution File, Format Version 12.00
# Visual Studio 15
VisualStudioVersion = 15.0.27130.2003
MinimumVisualStudioVersion = 10.0.40219.1
Project("{FAE04EC0-301F-11D3-BF4B-00C04F79EFBC}") = "AddressWatch", "AddressWatch\AddressWatch.csproj", "{B43D4EAB-A04E-42B6-B6A4-4138DA5EF7DE}"
EndProject
Global
	GlobalSection(SolutionConfigurationPlatforms) = preSolution
		Debug|Any CPU = Debug|Any CPU
		Release|Any CPU = Release|Any CPU
	EndGlobalSection
	GlobalSection(ProjectConfigurationPlatforms) = postSolution
		{B43D4EAB-A04E-42B6-B6A4-4138DA5EF7DE}.Debug|Any CPU.ActiveCfg = Debug|Any CPU
		{B43D4EAB-A04E-42B6-B6A4-4138DA5EF7DE}.Debug|Any CPU.Build.0 = Debug|Any CPU
		{B43D4EAB-A04E-42B6-B6A4-4138DA5EF7DE}.Release|Any CPU.ActiveCfg = Release|Any CPU
		{B43D4EAB-A04E-42B6-B6A4-4138DA5EF7DE}.Release|Any CPU.Build.0 = Release|Any CPU
	EndGlobalSection
	GlobalSection(SolutionProperties) = preSolution
		HideSolutionNode = FALSE
	EndGlobalSection
	GlobalSection(ExtensibilityGlobals) = postSolution
		SolutionGuid = {FF84645E-C29B-41F4-97C9-2D5AB6ED32A0}
	EndGlobalSection
EndGlobal
